
Microsoft Visual Studio Solution File, Format Version 12.00
# Visual Studio Version 17
VisualStudioVersion = 17.5.33424.131
MinimumVisualStudioVersion = 10.0.40219.1
Project("{FAE04EC0-301F-11D3-BF4B-00C04F79EFBC}") = "Stray_Home", "Stray_Home\Stray_Home.csproj", "{FA686512-FEE2-4634-83C9-7531817ECED0}"
EndProject
Project("{FAE04EC0-301F-11D3-BF4B-00C04F79EFBC}") = "Stray_Home_Domain", "Domain\Stray_Home_Domain.csproj", "{09AFEB4C-69F9-4DD0-8778-590F1EDD8115}"
EndProject
Project("{FAE04EC0-301F-11D3-BF4B-00C04F79EFBC}") = "Stray_Home_Application", "Stray_Home_Application\Stray_Home_Application.csproj", "{0BBDFAC1-8BF3-44F3-AF2B-1E6567CA42CE}"
	ProjectSection(ProjectDependencies) = postProject
		{09AFEB4C-69F9-4DD0-8778-590F1EDD8115} = {09AFEB4C-69F9-4DD0-8778-590F1EDD8115}
	EndProjectSection
EndProject
Project("{FAE04EC0-301F-11D3-BF4B-00C04F79EFBC}") = "Stray_Home_Infrastructure", "Stray_Home_Infrastructure\Stray_Home_Infrastructure.csproj", "{3E6CBDFB-637F-4354-B60C-E4EC04037EBB}"
	ProjectSection(ProjectDependencies) = postProject
		{09AFEB4C-69F9-4DD0-8778-590F1EDD8115} = {09AFEB4C-69F9-4DD0-8778-590F1EDD8115}
	EndProjectSection
EndProject
Global
	GlobalSection(SolutionConfigurationPlatforms) = preSolution
		Debug|Any CPU = Debug|Any CPU
		Release|Any CPU = Release|Any CPU
	EndGlobalSection
	GlobalSection(ProjectConfigurationPlatforms) = postSolution
		{FA686512-FEE2-4634-83C9-7531817ECED0}.Debug|Any CPU.ActiveCfg = Debug|Any CPU
		{FA686512-FEE2-4634-83C9-7531817ECED0}.Debug|Any CPU.Build.0 = Debug|Any CPU
		{FA686512-FEE2-4634-83C9-7531817ECED0}.Release|Any CPU.ActiveCfg = Release|Any CPU
		{FA686512-FEE2-4634-83C9-7531817ECED0}.Release|Any CPU.Build.0 = Release|Any CPU
		{09AFEB4C-69F9-4DD0-8778-590F1EDD8115}.Debug|Any CPU.ActiveCfg = Debug|Any CPU
		{09AFEB4C-69F9-4DD0-8778-590F1EDD8115}.Debug|Any CPU.Build.0 = Debug|Any CPU
		{09AFEB4C-69F9-4DD0-8778-590F1EDD8115}.Release|Any CPU.ActiveCfg = Release|Any CPU
		{09AFEB4C-69F9-4DD0-8778-590F1EDD8115}.Release|Any CPU.Build.0 = Release|Any CPU
		{0BBDFAC1-8BF3-44F3-AF2B-1E6567CA42CE}.Debug|Any CPU.ActiveCfg = Debug|Any CPU
		{0BBDFAC1-8BF3-44F3-AF2B-1E6567CA42CE}.Debug|Any CPU.Build.0 = Debug|Any CPU
		{0BBDFAC1-8BF3-44F3-AF2B-1E6567CA42CE}.Release|Any CPU.ActiveCfg = Release|Any CPU
		{0BBDFAC1-8BF3-44F3-AF2B-1E6567CA42CE}.Release|Any CPU.Build.0 = Release|Any CPU
		{3E6CBDFB-637F-4354-B60C-E4EC04037EBB}.Debug|Any CPU.ActiveCfg = Debug|Any CPU
		{3E6CBDFB-637F-4354-B60C-E4EC04037EBB}.Debug|Any CPU.Build.0 = Debug|Any CPU
		{3E6CBDFB-637F-4354-B60C-E4EC04037EBB}.Release|Any CPU.ActiveCfg = Release|Any CPU
		{3E6CBDFB-637F-4354-B60C-E4EC04037EBB}.Release|Any CPU.Build.0 = Release|Any CPU
	EndGlobalSection
	GlobalSection(SolutionProperties) = preSolution
		HideSolutionNode = FALSE
	EndGlobalSection
	GlobalSection(ExtensibilityGlobals) = postSolution
		SolutionGuid = {46387ACC-D749-438F-B47D-6D616EE8B0B8}
	EndGlobalSection
EndGlobal
